// !$*UTF8*$!
{
	archiveVersion = 1;
	classes = {
	};
	objectVersion = 77;
	objects = {

/* Begin PBXBuildFile section */
		E1DACC743072026A008BC5C2 /* FirebaseAuthCombine-Community in Frameworks */ = {isa = PBXBuildFile; productRef = E1DACC733072026A008BC5C2 /* FirebaseAuthCombine-Community */; };
		E1DACC763072026A008BC5C2 /* FirebaseCore in Frameworks */ = {isa = PBXBuildFile; productRef = E1DACC753072026A008BC5C2 /* FirebaseCore */; };
		E1DACC783072026A008BC5C2 /* FirebaseDatabase in Frameworks */ = {isa = PBXBuildFile; productRef = E1DACC773072026A008BC5C2 /* FirebaseDatabase */; };
		E1DACC7A3072026A008BC5C2 /* FirebaseFirestore in Frameworks */ = {isa = PBXBuildFile; productRef = E1DACC793072026A008BC5C2 /* FirebaseFirestore */; };
		E1DACC7C3072026A008BC5C2 /* FirebaseFirestoreCombine-Community in Frameworks */ = {isa = PBXBuildFile; productRef = E1DACC7B3072026A008BC5C2 /* FirebaseFirestoreCombine-Community */; };
		E1DACC7E3072026A008BC5C2 /* FirebaseFunctions in Frameworks */ = {isa = PBXBuildFile; productRef = E1DACC7D3072026A008BC5C2 /* FirebaseFunctions */; };
		E1DACC803072026A008BC5C2 /* FirebaseFunctionsCombine-Community in Frameworks */ = {isa = PBXBuildFile; productRef = E1DACC7F3072026A008BC5C2 /* FirebaseFunctionsCombine-Community */; };
		E1DACC823072026A008BC5C2 /* FirebaseInAppMessaging-Beta in Frameworks */ = {isa = PBXBuildFile; productRef = E1DACC813072026A008BC5C2 /* FirebaseInAppMessaging-Beta */; };
		E1DACC843072026A008BC5C2 /* FirebaseStorage in Frameworks */ = {isa = PBXBuildFile; productRef = E1DACC833072026A008BC5C2 /* FirebaseStorage */; };
		E1DACC863072026A008BC5C2 /* FirebaseStorageCombine-Community in Frameworks */ = {isa = PBXBuildFile; productRef = E1DACC853072026A008BC5C2 /* FirebaseStorageCombine-Community */; };
/* End PBXBuildFile section */

/* Begin PBXFileReference section */
		E1DACB85307170CB008BC5C2 /* mantis.app */ = {isa = PBXFileReference; explicitFileType = wrapper.application; includeInIndex = 0; path = mantis.app; sourceTree = BUILT_PRODUCTS_DIR; };
/* End PBXFileReference section */

/* Begin PBXFileSystemSynchronizedRootGroup section */
		E1DACB87307170CB008BC5C2 /* mantis */ = {
			isa = PBXFileSystemSynchronizedRootGroup;
			path = mantis;
			sourceTree = "<group>";
		};
/* End PBXFileSystemSynchronizedRootGroup section */

/* Begin PBXFrameworksBuildPhase section */
		E1DACB82307170CB008BC5C2 /* Frameworks */ = {
			isa = PBXFrameworksBuildPhase;
			buildActionMask = 2147483647;
			files = (
				E1DACC803072026A008BC5C2 /* FirebaseFunctionsCombine-Community in Frameworks */,
				E1DACC783072026A008BC5C2 /* FirebaseDatabase in Frameworks */,
				E1DACC863072026A008BC5C2 /* FirebaseStorageCombine-Community in Frameworks */,
				E1DACC843072026A008BC5C2 /* FirebaseStorage in Frameworks */,
				E1DACC7A3072026A008BC5C2 /* FirebaseFirestore in Frameworks */,
				E1DACC823072026A008BC5C2 /* FirebaseInAppMessaging-Beta in Frameworks */,
				E1DACC763072026A008BC5C2 /* FirebaseCore in Frameworks */,
				E1DACC7E3072026A008BC5C2 /* FirebaseFunctions in Frameworks */,
				E1DACC7C3072026A008BC5C2 /* FirebaseFirestoreCombine-Community in Frameworks */,
				E1DACC743072026A008BC5C2 /* FirebaseAuthCombine-Community in Frameworks */,
			);
			runOnlyForDeploymentPostprocessing = 0;
		};
/* End PBXFrameworksBuildPhase section */

/* Begin PBXGroup section */
		E1DACB7C307170CB008BC5C2 = {
			isa = PBXGroup;
			children = (
				E1DACB87307170CB008BC5C2 /* mantis */,
				E1DACB86307170CB008BC5C2 /* Products */,
			);
			sourceTree = "<group>";
		};
		E1DACB86307170CB008BC5C2 /* Products */ = {
			isa = PBXGroup;
			children = (
				E1DACB85307170CB008BC5C2 /* mantis.app */,
			);
			name = Products;
			sourceTree = "<group>";
		};
/* End PBXGroup section */

/* Begin PBXNativeTarget section */
		E1DACB84307170CB008BC5C2 /* mantis */ = {
			isa = PBXNativeTarget;
			buildConfigurationList = E1DACB95307170CD008BC5C2 /* Build configuration list for PBXNativeTarget "mantis" */;
			buildPhases = (
				E1DACB81307170CB008BC5C2 /* Sources */,
				E1DACB82307170CB008BC5C2 /* Frameworks */,
				E1DACB83307170CB008BC5C2 /* Resources */,
			);
			buildRules = (
			);
			dependencies = (
			);
			fileSystemSynchronizedGroups = (
				E1DACB87307170CB008BC5C2 /* mantis */,
			);
			name = mantis;
			packageProductDependencies = (
				E1DACC733072026A008BC5C2 /* FirebaseAuthCombine-Community */,
				E1DACC753072026A008BC5C2 /* FirebaseCore */,
				E1DACC773072026A008BC5C2 /* FirebaseDatabase */,
				E1DACC793072026A008BC5C2 /* FirebaseFirestore */,
				E1DACC7B3072026A008BC5C2 /* FirebaseFirestoreCombine-Community */,
				E1DACC7D3072026A008BC5C2 /* FirebaseFunctions */,
				E1DACC7F3072026A008BC5C2 /* FirebaseFunctionsCombine-Community */,
				E1DACC813072026A008BC5C2 /* FirebaseInAppMessaging-Beta */,
				E1DACC833072026A008BC5C2 /* FirebaseStorage */,
				E1DACC853072026A008BC5C2 /* FirebaseStorageCombine-Community */,
			);
			productName = mantis;
			productReference = E1DACB85307170CB008BC5C2 /* mantis.app */;
			productType = "com.apple.product-type.application";
		};
/* End PBXNativeTarget section */

/* Begin PBXProject section */
		E1DACB7D307170CB008BC5C2 /* Project object */ = {
			isa = PBXProject;
			attributes = {
				BuildIndependentTargetsInParallel = 1;
				LastSwiftUpdateCheck = 2610;
				LastUpgradeCheck = 2610;
				TargetAttributes = {
					E1DACB84307170CB008BC5C2 = {
						CreatedOnToolsVersion = 26.1.1;
					};
				};
			};
			buildConfigurationList = E1DACB80307170CB008BC5C2 /* Build configuration list for PBXProject "mantis" */;
			developmentRegion = en;
			hasScannedForEncodings = 0;
			knownRegions = (
				en,
				Base,
			);
			mainGroup = E1DACB7C307170CB008BC5C2;
			minimizedProjectReferenceProxies = 1;
			packageReferences = (
				E1DACC723072026A008BC5C2 /* XCRemoteSwiftPackageReference "firebase-ios-sdk" */,
			);
			preferredProjectObjectVersion = 77;
			productRefGroup = E1DACB86307170CB008BC5C2 /* Products */;
			projectDirPath = "";
			projectRoot = "";
			targets = (
				E1DACB84307170CB008BC5C2 /* mantis */,
			);
		};
/* End PBXProject section */

/* Begin PBXResourcesBuildPhase section */
		E1DACB83307170CB008BC5C2 /* Resources */ = {
			isa = PBXResourcesBuildPhase;
			buildActionMask = 2147483647;
			files = (
			);
			runOnlyForDeploymentPostprocessing = 0;
		};
/* End PBXResourcesBuildPhase section */

/* Begin PBXSourcesBuildPhase section */
		E1DACB81307170CB008BC5C2 /* Sources */ = {
			isa = PBXSourcesBuildPhase;
			buildActionMask = 2147483647;
			files = (
			);
			runOnlyForDeploymentPostprocessing = 0;
		};
/* End PBXSourcesBuildPhase section */

/* Begin XCBuildConfiguration section */
		E1DACB93307170CD008BC5C2 /* Debug */ = {
			isa = XCBuildConfiguration;
			buildSettings = {
				ALWAYS_SEARCH_USER_PATHS = NO;
				ASSETCATALOG_COMPILER_GENERATE_SWIFT_ASSET_SYMBOL_EXTENSIONS = YES;
				CLANG_ANALYZER_NONNULL = YES;
				CLANG_ANALYZER_NUMBER_OBJECT_CONVERSION = YES_AGGRESSIVE;
				CLANG_CXX_LANGUAGE_STANDARD = "gnu++20";
				CLANG_ENABLE_MODULES = YES;
				CLANG_ENABLE_OBJC_ARC = YES;
				CLANG_ENABLE_OBJC_WEAK = YES;
				CLANG_WARN_BLOCK_CAPTURE_AUTORELEASING = YES;
				CLANG_WARN_BOOL_CONVERSION = YES;
				CLANG_WARN_COMMA = YES;
				CLANG_WARN_CONSTANT_CONVERSION = YES;
				CLANG_WARN_DEPRECATED_OBJC_IMPLEMENTATIONS = YES;
				CLANG_WARN_DIRECT_OBJC_ISA_USAGE = YES_ERROR;
				CLANG_WARN_DOCUMENTATION_COMMENTS = YES;
				CLANG_WARN_EMPTY_BODY = YES;
				CLANG_WARN_ENUM_CONVERSION = YES;
				CLANG_WARN_INFINITE_RECURSION = YES;
				CLANG_WARN_INT_CONVERSION = YES;
				CLANG_WARN_NON_LITERAL_NULL_CONVERSION = YES;
				CLANG_WARN_OBJC_IMPLICIT_RETAIN_SELF = YES;
				CLANG_WARN_OBJC_LITERAL_CONVERSION = YES;
				CLANG_WARN_OBJC_ROOT_CLASS = YES_ERROR;
				CLANG_WARN_QUOTED_INCLUDE_IN_FRAMEWORK_HEADER = YES;
				CLANG_WARN_RANGE_LOOP_ANALYSIS = YES;
				CLANG_WARN_STRICT_PROTOTYPES = YES;
				CLANG_WARN_SUSPICIOUS_MOVE = YES;
				CLANG_WARN_UNGUARDED_AVAILABILITY = YES_AGGRESSIVE;
				CLANG_WARN_UNREACHABLE_CODE = YES;
				CLANG_WARN__DUPLICATE_METHOD_MATCH = YES;
				COPY_PHASE_STRIP = NO;
				DEBUG_INFORMATION_FORMAT = dwarf;
				DEVELOPMENT_TEAM = PZD4Y7DU3Q;
				ENABLE_STRICT_OBJC_MSGSEND = YES;
				ENABLE_TESTABILITY = YES;
				ENABLE_USER_SCRIPT_SANDBOXING = YES;
				GCC_C_LANGUAGE_STANDARD = gnu17;
				GCC_DYNAMIC_NO_PIC = NO;
				GCC_NO_COMMON_BLOCKS = YES;
				GCC_OPTIMIZATION_LEVEL = 0;
				GCC_PREPROCESSOR_DEFINITIONS = (
					"DEBUG=1",
					"$(inherited)",
				);
				GCC_WARN_64_TO_32_BIT_CONVERSION = YES;
				GCC_WARN_ABOUT_RETURN_TYPE = YES_ERROR;
				GCC_WARN_UNDECLARED_SELECTOR = YES;
				GCC_WARN_UNINITIALIZED_AUTOS = YES_AGGRESSIVE;
				GCC_WARN_UNUSED_FUNCTION = YES;
				GCC_WARN_UNUSED_VARIABLE = YES;
				IPHONEOS_DEPLOYMENT_TARGET = 26.1;
				LOCALIZATION_PREFERS_STRING_CATALOGS = YES;
				MTL_ENABLE_DEBUG_INFO = INCLUDE_SOURCE;
				MTL_FAST_MATH = YES;
				ONLY_ACTIVE_ARCH = YES;
				SDKROOT = iphoneos;
				SWIFT_ACTIVE_COMPILATION_CONDITIONS = "DEBUG $(inherited)";
				SWIFT_OPTIMIZATION_LEVEL = "-Onone";
			};
			name = Debug;
		};
		E1DACB94307170CD008BC5C2 /* Release */ = {
			isa = XCBuildConfiguration;
			buildSettings = {
				ALWAYS_SEARCH_USER_PATHS = NO;
				ASSETCATALOG_COMPILER_GENERATE_SWIFT_ASSET_SYMBOL_EXTENSIONS = YES;
				CLANG_ANALYZER_NONNULL = YES;
				CLANG_ANALYZER_NUMBER_OBJECT_CONVERSION = YES_AGGRESSIVE;
				CLANG_CXX_LANGUAGE_STANDARD = "gnu++20";
				CLANG_ENABLE_MODULES = YES;
				CLANG_ENABLE_OBJC_ARC = YES;
				CLANG_ENABLE_OBJC_WEAK = YES;
				CLANG_WARN_BLOCK_CAPTURE_AUTORELEASING = YES;
				CLANG_WARN_BOOL_CONVERSION = YES;
				CLANG_WARN_COMMA = YES;
				CLANG_WARN_CONSTANT_CONVERSION = YES;
				CLANG_WARN_DEPRECATED_OBJC_IMPLEMENTATIONS = YES;
				CLANG_WARN_DIRECT_OBJC_ISA_USAGE = YES_ERROR;
				CLANG_WARN_DOCUMENTATION_COMMENTS = YES;
				CLANG_WARN_EMPTY_BODY = YES;
				CLANG_WARN_ENUM_CONVERSION = YES;
				CLANG_WARN_INFINITE_RECURSION = YES;
				CLANG_WARN_INT_CONVERSION = YES;
				CLANG_WARN_NON_LITERAL_NULL_CONVERSION = YES;
				CLANG_WARN_OBJC_IMPLICIT_RETAIN_SELF = YES;
				CLANG_WARN_OBJC_LITERAL_CONVERSION = YES;
				CLANG_WARN_OBJC_ROOT_CLASS = YES_ERROR;
				CLANG_WARN_QUOTED_INCLUDE_IN_FRAMEWORK_HEADER = YES;
				CLANG_WARN_RANGE_LOOP_ANALYSIS = YES;
				CLANG_WARN_STRICT_PROTOTYPES = YES;
				CLANG_WARN_SUSPICIOUS_MOVE = YES;
				CLANG_WARN_UNGUARDED_AVAILABILITY = YES_AGGRESSIVE;
				CLANG_WARN_UNREACHABLE_CODE = YES;
				CLANG_WARN__DUPLICATE_METHOD_MATCH = YES;
				COPY_PHASE_STRIP = NO;
				DEBUG_INFORMATION_FORMAT = "dwarf-with-dsym";
				DEVELOPMENT_TEAM = PZD4Y7DU3Q;
				ENABLE_NS_ASSERTIONS = NO;
				ENABLE_STRICT_OBJC_MSGSEND = YES;
				ENABLE_USER_SCRIPT_SANDBOXING = YES;
				GCC_C_LANGUAGE_STANDARD = gnu17;
				GCC_NO_COMMON_BLOCKS = YES;
				GCC_WARN_64_TO_32_BIT_CONVERSION = YES;
				GCC_WARN_ABOUT_RETURN_TYPE = YES_ERROR;
				GCC_WARN_UNDECLARED_SELECTOR = YES;
				GCC_WARN_UNINITIALIZED_AUTOS = YES_AGGRESSIVE;
				GCC_WARN_UNUSED_FUNCTION = YES;
				GCC_WARN_UNUSED_VARIABLE = YES;
				IPHONEOS_DEPLOYMENT_TARGET = 26.1;
				LOCALIZATION_PREFERS_STRING_CATALOGS = YES;
				MTL_ENABLE_DEBUG_INFO = NO;
				MTL_FAST_MATH = YES;
				SDKROOT = iphoneos;
				SWIFT_COMPILATION_MODE = wholemodule;
				VALIDATE_PRODUCT = YES;
			};
			name = Release;
		};
		E1DACB96307170CD008BC5C2 /* Debug */ = {
			isa = XCBuildConfiguration;
			buildSettings = {
				ASSETCATALOG_COMPILER_APPICON_NAME = AppIcon;
				ASSETCATALOG_COMPILER_GLOBAL_ACCENT_COLOR_NAME = AccentColor;
				CODE_SIGN_STYLE = Automatic;
				CURRENT_PROJECT_VERSION = 1;
				DEVELOPMENT_TEAM = PZD4Y7DU3Q;
				ENABLE_PREVIEWS = YES;
				GENERATE_INFOPLIST_FILE = YES;
				INFOPLIST_KEY_NSCameraUsageDescription = "Камера нужна для подсчёта прохожих у витрины. Видео обрабатывается на телефоне и никуда не отправляется.";
				INFOPLIST_KEY_NSLocalNetworkUsageDescription = "Доступ к локальной сети нужен, чтобы получать видео с IP-камеры магазина. Видео обрабатывается на телефоне.";
				INFOPLIST_KEY_UIApplicationSceneManifest_Generation = YES;
				INFOPLIST_KEY_UIApplicationSupportsIndirectInputEvents = YES;
				INFOPLIST_KEY_UILaunchScreen_Generation = YES;
				INFOPLIST_KEY_UISupportedInterfaceOrientations_iPad = "UIInterfaceOrientationPortrait UIInterfaceOrientationPortraitUpsideDown UIInterfaceOrientationLandscapeLeft UIInterfaceOrientationLandscapeRight";
				INFOPLIST_KEY_UISupportedInterfaceOrientations_iPhone = "UIInterfaceOrientationPortrait UIInterfaceOrientationLandscapeLeft UIInterfaceOrientationLandscapeRight";
				LD_RUNPATH_SEARCH_PATHS = (
					"$(inherited)",
					"@executable_path/Frameworks",
				);
				MARKETING_VERSION = 1.0;
				PRODUCT_BUNDLE_IDENTIFIER = com.khomutyanskiy.mantis;
				PRODUCT_NAME = "$(TARGET_NAME)";
				STRING_CATALOG_GENERATE_SYMBOLS = YES;
				SWIFT_APPROACHABLE_CONCURRENCY = YES;
				SWIFT_DEFAULT_ACTOR_ISOLATION = MainActor;
				SWIFT_EMIT_LOC_STRINGS = YES;
				SWIFT_UPCOMING_FEATURE_MEMBER_IMPORT_VISIBILITY = YES;
				SWIFT_VERSION = 5.0;
				TARGETED_DEVICE_FAMILY = "1,2";
			};
			name = Debug;
		};
		E1DACB97307170CD008BC5C2 /* Release */ = {
			isa = XCBuildConfiguration;
			buildSettings = {
				ASSETCATALOG_COMPILER_APPICON_NAME = AppIcon;
				ASSETCATALOG_COMPILER_GLOBAL_ACCENT_COLOR_NAME = AccentColor;
				CODE_SIGN_STYLE = Automatic;
				CURRENT_PROJECT_VERSION = 1;
				DEVELOPMENT_TEAM = PZD4Y7DU3Q;
				ENABLE_PREVIEWS = YES;
				GENERATE_INFOPLIST_FILE = YES;
				INFOPLIST_KEY_NSCameraUsageDescription = "Камера нужна для подсчёта прохожих у витрины. Видео обрабатывается на телефоне и никуда не отправляется.";
				INFOPLIST_KEY_NSLocalNetworkUsageDescription = "Доступ к локальной сети нужен, чтобы получать видео с IP-камеры магазина. Видео обрабатывается на телефоне.";
				INFOPLIST_KEY_UIApplicationSceneManifest_Generation = YES;
				INFOPLIST_KEY_UIApplicationSupportsIndirectInputEvents = YES;
				INFOPLIST_KEY_UILaunchScreen_Generation = YES;
				INFOPLIST_KEY_UISupportedInterfaceOrientations_iPad = "UIInterfaceOrientationPortrait UIInterfaceOrientationPortraitUpsideDown UIInterfaceOrientationLandscapeLeft UIInterfaceOrientationLandscapeRight";
				INFOPLIST_KEY_UISupportedInterfaceOrientations_iPhone = "UIInterfaceOrientationPortrait UIInterfaceOrientationLandscapeLeft UIInterfaceOrientationLandscapeRight";
				LD_RUNPATH_SEARCH_PATHS = (
					"$(inherited)",
					"@executable_path/Frameworks",
				);
				MARKETING_VERSION = 1.0;
				PRODUCT_BUNDLE_IDENTIFIER = com.khomutyanskiy.mantis;
				PRODUCT_NAME = "$(TARGET_NAME)";
				STRING_CATALOG_GENERATE_SYMBOLS = YES;
				SWIFT_APPROACHABLE_CONCURRENCY = YES;
				SWIFT_DEFAULT_ACTOR_ISOLATION = MainActor;
				SWIFT_EMIT_LOC_STRINGS = YES;
				SWIFT_UPCOMING_FEATURE_MEMBER_IMPORT_VISIBILITY = YES;
				SWIFT_VERSION = 5.0;
				TARGETED_DEVICE_FAMILY = "1,2";
			};
			name = Release;
		};
/* End XCBuildConfiguration section */

/* Begin XCConfigurationList section */
		E1DACB80307170CB008BC5C2 /* Build configuration list for PBXProject "mantis" */ = {
			isa = XCConfigurationList;
			buildConfigurations = (
				E1DACB93307170CD008BC5C2 /* Debug */,
				E1DACB94307170CD008BC5C2 /* Release */,
			);
			defaultConfigurationIsVisible = 0;
			defaultConfigurationName = Release;
		};
		E1DACB95307170CD008BC5C2 /* Build configuration list for PBXNativeTarget "mantis" */ = {
			isa = XCConfigurationList;
			buildConfigurations = (
				E1DACB96307170CD008BC5C2 /* Debug */,
				E1DACB97307170CD008BC5C2 /* Release */,
			);
			defaultConfigurationIsVisible = 0;
			defaultConfigurationName = Release;
		};
/* End XCConfigurationList section */

/* Begin XCRemoteSwiftPackageReference section */
		E1DACC723072026A008BC5C2 /* XCRemoteSwiftPackageReference "firebase-ios-sdk" */ = {
			isa = XCRemoteSwiftPackageReference;
			repositoryURL = "https://github.com/firebase/firebase-ios-sdk.git";
			requirement = {
				kind = upToNextMajorVersion;
				minimumVersion = 12.19.2;
			};
		};
/* End XCRemoteSwiftPackageReference section */

/* Begin XCSwiftPackageProductDependency section */
		E1DACC733072026A008BC5C2 /* FirebaseAuthCombine-Community */ = {
			isa = XCSwiftPackageProductDependency;
			package = E1DACC723072026A008BC5C2 /* XCRemoteSwiftPackageReference "firebase-ios-sdk" */;
			productName = "FirebaseAuthCombine-Community";
		};
		E1DACC753072026A008BC5C2 /* FirebaseCore */ = {
			isa = XCSwiftPackageProductDependency;
			package = E1DACC723072026A008BC5C2 /* XCRemoteSwiftPackageReference "firebase-ios-sdk" */;
			productName = FirebaseCore;
		};
		E1DACC773072026A008BC5C2 /* FirebaseDatabase */ = {
			isa = XCSwiftPackageProductDependency;
			package = E1DACC723072026A008BC5C2 /* XCRemoteSwiftPackageReference "firebase-ios-sdk" */;
			productName = FirebaseDatabase;
		};
		E1DACC793072026A008BC5C2 /* FirebaseFirestore */ = {
			isa = XCSwiftPackageProductDependency;
			package = E1DACC723072026A008BC5C2 /* XCRemoteSwiftPackageReference "firebase-ios-sdk" */;
			productName = FirebaseFirestore;
		};
		E1DACC7B3072026A008BC5C2 /* FirebaseFirestoreCombine-Community */ = {
			isa = XCSwiftPackageProductDependency;
			package = E1DACC723072026A008BC5C2 /* XCRemoteSwiftPackageReference "firebase-ios-sdk" */;
			productName = "FirebaseFirestoreCombine-Community";
		};
		E1DACC7D3072026A008BC5C2 /* FirebaseFunctions */ = {
			isa = XCSwiftPackageProductDependency;
			package = E1DACC723072026A008BC5C2 /* XCRemoteSwiftPackageReference "firebase-ios-sdk" */;
			productName = FirebaseFunctions;
		};
		E1DACC7F3072026A008BC5C2 /* FirebaseFunctionsCombine-Community */ = {
			isa = XCSwiftPackageProductDependency;
			package = E1DACC723072026A008BC5C2 /* XCRemoteSwiftPackageReference "firebase-ios-sdk" */;
			productName = "FirebaseFunctionsCombine-Community";
		};
		E1DACC813072026A008BC5C2 /* FirebaseInAppMessaging-Beta */ = {
			isa = XCSwiftPackageProductDependency;
			package = E1DACC723072026A008BC5C2 /* XCRemoteSwiftPackageReference "firebase-ios-sdk" */;
			productName = "FirebaseInAppMessaging-Beta";
		};
		E1DACC833072026A008BC5C2 /* FirebaseStorage */ = {
			isa = XCSwiftPackageProductDependency;
			package = E1DACC723072026A008BC5C2 /* XCRemoteSwiftPackageReference "firebase-ios-sdk" */;
			productName = FirebaseStorage;
		};
		E1DACC853072026A008BC5C2 /* FirebaseStorageCombine-Community */ = {
			isa = XCSwiftPackageProductDependency;
			package = E1DACC723072026A008BC5C2 /* XCRemoteSwiftPackageReference "firebase-ios-sdk" */;
			productName = "FirebaseStorageCombine-Community";
		};
/* End XCSwiftPackageProductDependency section */
	};
	rootObject = E1DACB7D307170CB008BC5C2 /* Project object */;
}
